// !$*UTF8*$!
{
	archiveVersion = 1;
	classes = {
	};
	objectVersion = 56;
	objects = {

/* Begin PBXBuildFile section */
		0839DF6B299AD6AD000B5D2A /* Challenge_day19App.swift in Sources */ = {isa = PBXBuildFile; fileRef = 0839DF6A299AD6AD000B5D2A /* Challenge_day19App.swift */; };
		0839DF6D299AD6AD000B5D2A /* ContentView.swift in Sources */ = {isa = PBXBuildFile; fileRef = 0839DF6C299AD6AD000B5D2A /* ContentView.swift */; };
		0839DF6F299AD6B0000B5D2A /* Assets.xcassets in Resources */ = {isa = PBXBuildFile; fileRef = 0839DF6E299AD6B0000B5D2A /* Assets.xcassets */; };
		0839DF72299AD6B0000B5D2A /* Preview Assets.xcassets in Resources */ = {isa = PBXBuildFile; fileRef = 0839DF71299AD6B0000B5D2A /* Preview Assets.xcassets */; };
		0839DF7C299AD6B0000B5D2A /* Challenge_day19Tests.swift in Sources */ = {isa = PBXBuildFile; fileRef = 0839DF7B299AD6B0000B5D2A /* Challenge_day19Tests.swift */; };
		0839DF86299AD6B0000B5D2A /* Challenge_day19UITests.swift in Sources */ = {isa = PBXBuildFile; fileRef = 0839DF85299AD6B0000B5D2A /* Challenge_day19UITests.swift */; };
		0839DF88299AD6B0000B5D2A /* Challenge_day19UITestsLaunchTests.swift in Sources */ = {isa = PBXBuildFile; fileRef = 0839DF87299AD6B0000B5D2A /* Challenge_day19UITestsLaunchTests.swift */; };
/* End PBXBuildFile section */

/* Begin PBXContainerItemProxy section */
		0839DF78299AD6B0000B5D2A /* PBXContainerItemProxy */ = {
			isa = PBXContainerItemProxy;
			containerPortal = 0839DF5F299AD6AD000B5D2A /* Project object */;
			proxyType = 1;
			remoteGlobalIDString = 0839DF66299AD6AD000B5D2A;
			remoteInfo = Challenge_day19;
		};
		0839DF82299AD6B0000B5D2A /* PBXContainerItemProxy */ = {
			isa = PBXContainerItemProxy;
			containerPortal = 0839DF5F299AD6AD000B5D2A /* Project object */;
			proxyType = 1;
			remoteGlobalIDString = 0839DF66299AD6AD000B5D2A;
			remoteInfo = Challenge_day19;
		};
/* End PBXContainerItemProxy section */

/* Begin PBXFileReference section */
		0839DF67299AD6AD000B5D2A /* Challenge_day19.app */ = {isa = PBXFileReference; explicitFileType = wrapper.application; includeInIndex = 0; path = Challenge_day19.app; sourceTree = BUILT_PRODUCTS_DIR; };
		0839DF6A299AD6AD000B5D2A /* Challenge_day19App.swift */ = {isa = PBXFileReference; lastKnownFileType = sourcecode.swift; path = Challenge_day19App.swift; sourceTree = "<group>"; };
		0839DF6C299AD6AD000B5D2A /* ContentView.swift */ = {isa = PBXFileReference; lastKnownFileType = sourcecode.swift; path = ContentView.swift; sourceTree = "<group>"; };
		0839DF6E299AD6B0000B5D2A /* Assets.xcassets */ = {isa = PBXFileReference; lastKnownFileType = folder.assetcatalog; path = Assets.xcassets; sourceTree = "<group>"; };
		0839DF71299AD6B0000B5D2A /* Preview Assets.xcassets */ = {isa = PBXFileReference; lastKnownFileType = folder.assetcatalog; path = "Preview Assets.xcassets"; sourceTree = "<group>"; };
		0839DF77299AD6B0000B5D2A /* Challenge_day19Tests.xctest */ = {isa = PBXFileReference; explicitFileType = wrapper.cfbundle; includeInIndex = 0; path = Challenge_day19Tests.xctest; sourceTree = BUILT_PRODUCTS_DIR; };
		0839DF7B299AD6B0000B5D2A /* Challenge_day19Tests.swift */ = {isa = PBXFileReference; lastKnownFileType = sourcecode.swift; path = Challenge_day19Tests.swift; sourceTree = "<group>"; };
		0839DF81299AD6B0000B5D2A /* Challenge_day19UITests.xctest */ = {isa = PBXFileReference; explicitFileType = wrapper.cfbundle; includeInIndex = 0; path = Challenge_day19UITests.xctest; sourceTree = BUILT_PRODUCTS_DIR; };
		0839DF85299AD6B0000B5D2A /* Challenge_day19UITests.swift */ = {isa = PBXFileReference; lastKnownFileType = sourcecode.swift; path = Challenge_day19UITests.swift; sourceTree = "<group>"; };
		0839DF87299AD6B0000B5D2A /* Challenge_day19UITestsLaunchTests.swift */ = {isa = PBXFileReference; lastKnownFileType = sourcecode.swift; path = Challenge_day19UITestsLaunchTests.swift; sourceTree = "<group>"; };
/* End PBXFileReference section */

/* Begin PBXFrameworksBuildPhase section */
		0839DF64299AD6AD000B5D2A /* Frameworks */ = {
			isa = PBXFrameworksBuildPhase;
			buildActionMask = 2147483647;
			files = (
			);
			runOnlyForDeploymentPostprocessing = 0;
		};
		0839DF74299AD6B0000B5D2A /* Frameworks */ = {
			isa = PBXFrameworksBuildPhase;
			buildActionMask = 2147483647;
			files = (
			);
			runOnlyForDeploymentPostprocessing = 0;
		};
		0839DF7E299AD6B0000B5D2A /* Frameworks */ = {
			isa = PBXFrameworksBuildPhase;
			buildActionMask = 2147483647;
			files = (
			);
			runOnlyForDeploymentPostprocessing = 0;
		};
/* End PBXFrameworksBuildPhase section */

/* Begin PBXGroup section */
		0839DF5E299AD6AD000B5D2A = {
			isa = PBXGroup;
			children = (
				0839DF69299AD6AD000B5D2A /* Challenge_day19 */,
				0839DF7A299AD6B0000B5D2A /* Challenge_day19Tests */,
				0839DF84299AD6B0000B5D2A /* Challenge_day19UITests */,
				0839DF68299AD6AD000B5D2A /* Products */,
			);
			sourceTree = "<group>";
		};
		0839DF68299AD6AD000B5D2A /* Products */ = {
			isa = PBXGroup;
			children = (
				0839DF67299AD6AD000B5D2A /* Challenge_day19.app */,
				0839DF77299AD6B0000B5D2A /* Challenge_day19Tests.xctest */,
				0839DF81299AD6B0000B5D2A /* Challenge_day19UITests.xctest */,
			);
			name = Products;
			sourceTree = "<group>";
		};
		0839DF69299AD6AD000B5D2A /* Challenge_day19 */ = {
			isa = PBXGroup;
			children = (
				0839DF6A299AD6AD000B5D2A /* Challenge_day19App.swift */,
				0839DF6C299AD6AD000B5D2A /* ContentView.swift */,
				0839DF6E299AD6B0000B5D2A /* Assets.xcassets */,
				0839DF70299AD6B0000B5D2A /* Preview Content */,
			);
			path = Challenge_day19;
			sourceTree = "<group>";
		};
		0839DF70299AD6B0000B5D2A /* Preview Content */ = {
			isa = PBXGroup;
			children = (
				0839DF71299AD6B0000B5D2A /* Preview Assets.xcassets */,
			);
			path = "Preview Content";
			sourceTree = "<group>";
		};
		0839DF7A299AD6B0000B5D2A /* Challenge_day19Tests */ = {
			isa = PBXGroup;
			children = (
				0839DF7B299AD6B0000B5D2A /* Challenge_day19Tests.swift */,
			);
			path = Challenge_day19Tests;
			sourceTree = "<group>";
		};
		0839DF84299AD6B0000B5D2A /* Challenge_day19UITests */ = {
			isa = PBXGroup;
			children = (
				0839DF85299AD6B0000B5D2A /* Challenge_day19UITests.swift */,
				0839DF87299AD6B0000B5D2A /* Challenge_day19UITestsLaunchTests.swift */,
			);
			path = Challenge_day19UITests;
			sourceTree = "<group>";
		};
/* End PBXGroup section */

/* Begin PBXNativeTarget section */
		0839DF66299AD6AD000B5D2A /* Challenge_day19 */ = {
			isa = PBXNativeTarget;
			buildConfigurationList = 0839DF8B299AD6B0000B5D2A /* Build configuration list for PBXNativeTarget "Challenge_day19" */;
			buildPhases = (
				0839DF63299AD6AD000B5D2A /* Sources */,
				0839DF64299AD6AD000B5D2A /* Frameworks */,
				0839DF65299AD6AD000B5D2A /* Resources */,
			);
			buildRules = (
			);
			dependencies = (
			);
			name = Challenge_day19;
			productName = Challenge_day19;
			productReference = 0839DF67299AD6AD000B5D2A /* Challenge_day19.app */;
			productType = "com.apple.product-type.application";
		};
		0839DF76299AD6B0000B5D2A /* Challenge_day19Tests */ = {
			isa = PBXNativeTarget;
			buildConfigurationList = 0839DF8E299AD6B0000B5D2A /* Build configuration list for PBXNativeTarget "Challenge_day19Tests" */;
			buildPhases = (
				0839DF73299AD6B0000B5D2A /* Sources */,
				0839DF74299AD6B0000B5D2A /* Frameworks */,
				0839DF75299AD6B0000B5D2A /* Resources */,
			);
			buildRules = (
			);
			dependencies = (
				0839DF79299AD6B0000B5D2A /* PBXTargetDependency */,
			);
			name = Challenge_day19Tests;
			productName = Challenge_day19Tests;
			productReference = 0839DF77299AD6B0000B5D2A /* Challenge_day19Tests.xctest */;
			productType = "com.apple.product-type.bundle.unit-test";
		};
		0839DF80299AD6B0000B5D2A /* Challenge_day19UITests */ = {
			isa = PBXNativeTarget;
			buildConfigurationList = 0839DF91299AD6B0000B5D2A /* Build configuration list for PBXNativeTarget "Challenge_day19UITests" */;
			buildPhases = (
				0839DF7D299AD6B0000B5D2A /* Sources */,
				0839DF7E299AD6B0000B5D2A /* Frameworks */,
				0839DF7F299AD6B0000B5D2A /* Resources */,
			);
			buildRules = (
			);
			dependencies = (
				0839DF83299AD6B0000B5D2A /* PBXTargetDependency */,
			);
			name = Challenge_day19UITests;
			productName = Challenge_day19UITests;
			productReference = 0839DF81299AD6B0000B5D2A /* Challenge_day19UITests.xctest */;
			productType = "com.apple.product-type.bundle.ui-testing";
		};
/* End PBXNativeTarget section */

/* Begin PBXProject section */
		0839DF5F299AD6AD000B5D2A /* Project object */ = {
			isa = PBXProject;
			attributes = {
				BuildIndependentTargetsInParallel = 1;
				LastSwiftUpdateCheck = 1420;
				LastUpgradeCheck = 1420;
				TargetAttributes = {
					0839DF66299AD6AD000B5D2A = {
						CreatedOnToolsVersion = 14.2;
					};
					0839DF76299AD6B0000B5D2A = {
						CreatedOnToolsVersion = 14.2;
						TestTargetID = 0839DF66299AD6AD000B5D2A;
					};
					0839DF80299AD6B0000B5D2A = {
						CreatedOnToolsVersion = 14.2;
						TestTargetID = 0839DF66299AD6AD000B5D2A;
					};
				};
			};
			buildConfigurationList = 0839DF62299AD6AD000B5D2A /* Build configuration list for PBXProject "Challenge_day19" */;
			compatibilityVersion = "Xcode 14.0";
			developmentRegion = en;
			hasScannedForEncodings = 0;
			knownRegions = (
				en,
				Base,
			);
			mainGroup = 0839DF5E299AD6AD000B5D2A;
			productRefGroup = 0839DF68299AD6AD000B5D2A /* Products */;
			projectDirPath = "";
			projectRoot = "";
			targets = (
				0839DF66299AD6AD000B5D2A /* Challenge_day19 */,
				0839DF76299AD6B0000B5D2A /* Challenge_day19Tests */,
				0839DF80299AD6B0000B5D2A /* Challenge_day19UITests */,
			);
		};
/* End PBXProject section */

/* Begin PBXResourcesBuildPhase section */
		0839DF65299AD6AD000B5D2A /* Resources */ = {
			isa = PBXResourcesBuildPhase;
			buildActionMask = 2147483647;
			files = (
				0839DF72299AD6B0000B5D2A /* Preview Assets.xcassets in Resources */,
				0839DF6F299AD6B0000B5D2A /* Assets.xcassets in Resources */,
			);
			runOnlyForDeploymentPostprocessing = 0;
		};
		0839DF75299AD6B0000B5D2A /* Resources */ = {
			isa = PBXResourcesBuildPhase;
			buildActionMask = 2147483647;
			files = (
			);
			runOnlyForDeploymentPostprocessing = 0;
		};
		0839DF7F299AD6B0000B5D2A /* Resources */ = {
			isa = PBXResourcesBuildPhase;
			buildActionMask = 2147483647;
			files = (
			);
			runOnlyForDeploymentPostprocessing = 0;
		};
/* End PBXResourcesBuildPhase section */

/* Begin PBXSourcesBuildPhase section */
		0839DF63299AD6AD000B5D2A /* Sources */ = {
			isa = PBXSourcesBuildPhase;
			buildActionMask = 2147483647;
			files = (
				0839DF6D299AD6AD000B5D2A /* ContentView.swift in Sources */,
				0839DF6B299AD6AD000B5D2A /* Challenge_day19App.swift in Sources */,
			);
			runOnlyForDeploymentPostprocessing = 0;
		};
		0839DF73299AD6B0000B5D2A /* Sources */ = {
			isa = PBXSourcesBuildPhase;
			buildActionMask = 2147483647;
			files = (
				0839DF7C299AD6B0000B5D2A /* Challenge_day19Tests.swift in Sources */,
			);
			runOnlyForDeploymentPostprocessing = 0;
		};
		0839DF7D299AD6B0000B5D2A /* Sources */ = {
			isa = PBXSourcesBuildPhase;
			buildActionMask = 2147483647;
			files = (
				0839DF86299AD6B0000B5D2A /* Challenge_day19UITests.swift in Sources */,
				0839DF88299AD6B0000B5D2A /* Challenge_day19UITestsLaunchTests.swift in Sources */,
			);
			runOnlyForDeploymentPostprocessing = 0;
		};
/* End PBXSourcesBuildPhase section */

/* Begin PBXTargetDependency section */
		0839DF79299AD6B0000B5D2A /* PBXTargetDependency */ = {
			isa = PBXTargetDependency;
			target = 0839DF66299AD6AD000B5D2A /* Challenge_day19 */;
			targetProxy = 0839DF78299AD6B0000B5D2A /* PBXContainerItemProxy */;
		};
		0839DF83299AD6B0000B5D2A /* PBXTargetDependency */ = {
			isa = PBXTargetDependency;
			target = 0839DF66299AD6AD000B5D2A /* Challenge_day19 */;
			targetProxy = 0839DF82299AD6B0000B5D2A /* PBXContainerItemProxy */;
		};
/* End PBXTargetDependency section */

/* Begin XCBuildConfiguration section */
		0839DF89299AD6B0000B5D2A /* Debug */ = {
			isa = XCBuildConfiguration;
			buildSettings = {
				ALWAYS_SEARCH_USER_PATHS = NO;
				CLANG_ANALYZER_NONNULL = YES;
				CLANG_ANALYZER_NUMBER_OBJECT_CONVERSION = YES_AGGRESSIVE;
				CLANG_CXX_LANGUAGE_STANDARD = "gnu++20";
				CLANG_ENABLE_MODULES = YES;
				CLANG_ENABLE_OBJC_ARC = YES;
				CLANG_ENABLE_OBJC_WEAK = YES;
				CLANG_WARN_BLOCK_CAPTURE_AUTORELEASING = YES;
				CLANG_WARN_BOOL_CONVERSION = YES;
				CLANG_WARN_COMMA = YES;
				CLANG_WARN_CONSTANT_CONVERSION = YES;
				CLANG_WARN_DEPRECATED_OBJC_IMPLEMENTATIONS = YES;
				CLANG_WARN_DIRECT_OBJC_ISA_USAGE = YES_ERROR;
				CLANG_WARN_DOCUMENTATION_COMMENTS = YES;
				CLANG_WARN_EMPTY_BODY = YES;
				CLANG_WARN_ENUM_CONVERSION = YES;
				CLANG_WARN_INFINITE_RECURSION = YES;
				CLANG_WARN_INT_CONVERSION = YES;
				CLANG_WARN_NON_LITERAL_NULL_CONVERSION = YES;
				CLANG_WARN_OBJC_IMPLICIT_RETAIN_SELF = YES;
				CLANG_WARN_OBJC_LITERAL_CONVERSION = YES;
				CLANG_WARN_OBJC_ROOT_CLASS = YES_ERROR;
				CLANG_WARN_QUOTED_INCLUDE_IN_FRAMEWORK_HEADER = YES;
				CLANG_WARN_RANGE_LOOP_ANALYSIS = YES;
				CLANG_WARN_STRICT_PROTOTYPES = YES;
				CLANG_WARN_SUSPICIOUS_MOVE = YES;
				CLANG_WARN_UNGUARDED_AVAILABILITY = YES_AGGRESSIVE;
				CLANG_WARN_UNREACHABLE_CODE = YES;
				CLANG_WARN__DUPLICATE_METHOD_MATCH = YES;
				COPY_PHASE_STRIP = NO;
				DEBUG_INFORMATION_FORMAT = dwarf;
				ENABLE_STRICT_OBJC_MSGSEND = YES;
				ENABLE_TESTABILITY = YES;
				GCC_C_LANGUAGE_STANDARD = gnu11;
				GCC_DYNAMIC_NO_PIC = NO;
				GCC_NO_COMMON_BLOCKS = YES;
				GCC_OPTIMIZATION_LEVEL = 0;
				GCC_PREPROCESSOR_DEFINITIONS = (
					"DEBUG=1",
					"$(inherited)",
				);
				GCC_WARN_64_TO_32_BIT_CONVERSION = YES;
				GCC_WARN_ABOUT_RETURN_TYPE = YES_ERROR;
				GCC_WARN_UNDECLARED_SELECTOR = YES;
				GCC_WARN_UNINITIALIZED_AUTOS = YES_AGGRESSIVE;
				GCC_WARN_UNUSED_FUNCTION = YES;
				GCC_WARN_UNUSED_VARIABLE = YES;
				IPHONEOS_DEPLOYMENT_TARGET = 16.2;
				MTL_ENABLE_DEBUG_INFO = INCLUDE_SOURCE;
				MTL_FAST_MATH = YES;
				ONLY_ACTIVE_ARCH = YES;
				SDKROOT = iphoneos;
				SWIFT_ACTIVE_COMPILATION_CONDITIONS = DEBUG;
				SWIFT_OPTIMIZATION_LEVEL = "-Onone";
			};
			name = Debug;
		};
		0839DF8A299AD6B0000B5D2A /* Release */ = {
			isa = XCBuildConfiguration;
			buildSettings = {
				ALWAYS_SEARCH_USER_PATHS = NO;
				CLANG_ANALYZER_NONNULL = YES;
				CLANG_ANALYZER_NUMBER_OBJECT_CONVERSION = YES_AGGRESSIVE;
				CLANG_CXX_LANGUAGE_STANDARD = "gnu++20";
				CLANG_ENABLE_MODULES = YES;
				CLANG_ENABLE_OBJC_ARC = YES;
				CLANG_ENABLE_OBJC_WEAK = YES;
				CLANG_WARN_BLOCK_CAPTURE_AUTORELEASING = YES;
				CLANG_WARN_BOOL_CONVERSION = YES;
				CLANG_WARN_COMMA = YES;
				CLANG_WARN_CONSTANT_CONVERSION = YES;
				CLANG_WARN_DEPRECATED_OBJC_IMPLEMENTATIONS = YES;
				CLANG_WARN_DIRECT_OBJC_ISA_USAGE = YES_ERROR;
				CLANG_WARN_DOCUMENTATION_COMMENTS = YES;
				CLANG_WARN_EMPTY_BODY = YES;
				CLANG_WARN_ENUM_CONVERSION = YES;
				CLANG_WARN_INFINITE_RECURSION = YES;
				CLANG_WARN_INT_CONVERSION = YES;
				CLANG_WARN_NON_LITERAL_NULL_CONVERSION = YES;
				CLANG_WARN_OBJC_IMPLICIT_RETAIN_SELF = YES;
				CLANG_WARN_OBJC_LITERAL_CONVERSION = YES;
				CLANG_WARN_OBJC_ROOT_CLASS = YES_ERROR;
				CLANG_WARN_QUOTED_INCLUDE_IN_FRAMEWORK_HEADER = YES;
				CLANG_WARN_RANGE_LOOP_ANALYSIS = YES;
				CLANG_WARN_STRICT_PROTOTYPES = YES;
				CLANG_WARN_SUSPICIOUS_MOVE = YES;
				CLANG_WARN_UNGUARDED_AVAILABILITY = YES_AGGRESSIVE;
				CLANG_WARN_UNREACHABLE_CODE = YES;
				CLANG_WARN__DUPLICATE_METHOD_MATCH = YES;
				COPY_PHASE_STRIP = NO;
				DEBUG_INFORMATION_FORMAT = "dwarf-with-dsym";
				ENABLE_NS_ASSERTIONS = NO;
				ENABLE_STRICT_OBJC_MSGSEND = YES;
				GCC_C_LANGUAGE_STANDARD = gnu11;
				GCC_NO_COMMON_BLOCKS = YES;
				GCC_WARN_64_TO_32_BIT_CONVERSION = YES;
				GCC_WARN_ABOUT_RETURN_TYPE = YES_ERROR;
				GCC_WARN_UNDECLARED_SELECTOR = YES;
				GCC_WARN_UNINITIALIZED_AUTOS = YES_AGGRESSIVE;
				GCC_WARN_UNUSED_FUNCTION = YES;
				GCC_WARN_UNUSED_VARIABLE = YES;
				IPHONEOS_DEPLOYMENT_TARGET = 16.2;
				MTL_ENABLE_DEBUG_INFO = NO;
				MTL_FAST_MATH = YES;
				SDKROOT = iphoneos;
				SWIFT_COMPILATION_MODE = wholemodule;
				SWIFT_OPTIMIZATION_LEVEL = "-O";
				VALIDATE_PRODUCT = YES;
			};
			name = Release;
		};
		0839DF8C299AD6B0000B5D2A /* Debug */ = {
			isa = XCBuildConfiguration;
			buildSettings = {
				ASSETCATALOG_COMPILER_APPICON_NAME = AppIcon;
				ASSETCATALOG_COMPILER_GLOBAL_ACCENT_COLOR_NAME = AccentColor;
				CODE_SIGN_STYLE = Automatic;
				CURRENT_PROJECT_VERSION = 1;
				DEVELOPMENT_ASSET_PATHS = "\"Challenge_day19/Preview Content\"";
				DEVELOPMENT_TEAM = VKJF2C93C9;
				ENABLE_PREVIEWS = YES;
				GENERATE_INFOPLIST_FILE = YES;
				INFOPLIST_KEY_UIApplicationSceneManifest_Generation = YES;
				INFOPLIST_KEY_UIApplicationSupportsIndirectInputEvents = YES;
				INFOPLIST_KEY_UILaunchScreen_Generation = YES;
				INFOPLIST_KEY_UISupportedInterfaceOrientations_iPad = "UIInterfaceOrientationPortrait UIInterfaceOrientationPortraitUpsideDown UIInterfaceOrientationLandscapeLeft UIInterfaceOrientationLandscapeRight";
				INFOPLIST_KEY_UISupportedInterfaceOrientations_iPhone = "UIInterfaceOrientationPortrait UIInterfaceOrientationLandscapeLeft UIInterfaceOrientationLandscapeRight";
				LD_RUNPATH_SEARCH_PATHS = (
					"$(inherited)",
					"@executable_path/Frameworks",
				);
				MARKETING_VERSION = 1.0;
				PRODUCT_BUNDLE_IDENTIFIER = "me.oprea.robert.Challenge-day19";
				PRODUCT_NAME = "$(TARGET_NAME)";
				SWIFT_EMIT_LOC_STRINGS = YES;
				SWIFT_VERSION = 5.0;
				TARGETED_DEVICE_FAMILY = "1,2";
			};
			name = Debug;
		};
		0839DF8D299AD6B0000B5D2A /* Release */ = {
			isa = XCBuildConfiguration;
			buildSettings = {
				ASSETCATALOG_COMPILER_APPICON_NAME = AppIcon;
				ASSETCATALOG_COMPILER_GLOBAL_ACCENT_COLOR_NAME = AccentColor;
				CODE_SIGN_STYLE = Automatic;
				CURRENT_PROJECT_VERSION = 1;
				DEVELOPMENT_ASSET_PATHS = "\"Challenge_day19/Preview Content\"";
				DEVELOPMENT_TEAM = VKJF2C93C9;
				ENABLE_PREVIEWS = YES;
				GENERATE_INFOPLIST_FILE = YES;
				INFOPLIST_KEY_UIApplicationSceneManifest_Generation = YES;
				INFOPLIST_KEY_UIApplicationSupportsIndirectInputEvents = YES;
				INFOPLIST_KEY_UILaunchScreen_Generation = YES;
				INFOPLIST_KEY_UISupportedInterfaceOrientations_iPad = "UIInterfaceOrientationPortrait UIInterfaceOrientationPortraitUpsideDown UIInterfaceOrientationLandscapeLeft UIInterfaceOrientationLandscapeRight";
				INFOPLIST_KEY_UISupportedInterfaceOrientations_iPhone = "UIInterfaceOrientationPortrait UIInterfaceOrientationLandscapeLeft UIInterfaceOrientationLandscapeRight";
				LD_RUNPATH_SEARCH_PATHS = (
					"$(inherited)",
					"@executable_path/Frameworks",
				);
				MARKETING_VERSION = 1.0;
				PRODUCT_BUNDLE_IDENTIFIER = "me.oprea.robert.Challenge-day19";
				PRODUCT_NAME = "$(TARGET_NAME)";
				SWIFT_EMIT_LOC_STRINGS = YES;
				SWIFT_VERSION = 5.0;
				TARGETED_DEVICE_FAMILY = "1,2";
			};
			name = Release;
		};
		0839DF8F299AD6B0000B5D2A /* Debug */ = {
			isa = XCBuildConfiguration;
			buildSettings = {
				ALWAYS_EMBED_SWIFT_STANDARD_LIBRARIES = YES;
				BUNDLE_LOADER = "$(TEST_HOST)";
				CODE_SIGN_STYLE = Automatic;
				CURRENT_PROJECT_VERSION = 1;
				DEVELOPMENT_TEAM = VKJF2C93C9;
				GENERATE_INFOPLIST_FILE = YES;
				IPHONEOS_DEPLOYMENT_TARGET = 16.2;
				MARKETING_VERSION = 1.0;
				PRODUCT_BUNDLE_IDENTIFIER = "me.oprea.robert.Challenge-day19Tests";
				PRODUCT_NAME = "$(TARGET_NAME)";
				SWIFT_EMIT_LOC_STRINGS = NO;
				SWIFT_VERSION = 5.0;
				TARGETED_DEVICE_FAMILY = "1,2";
				TEST_HOST = "$(BUILT_PRODUCTS_DIR)/Challenge_day19.app/$(BUNDLE_EXECUTABLE_FOLDER_PATH)/Challenge_day19";
			};
			name = Debug;
		};
		0839DF90299AD6B0000B5D2A /* Release */ = {
			isa = XCBuildConfiguration;
			buildSettings = {
				ALWAYS_EMBED_SWIFT_STANDARD_LIBRARIES = YES;
				BUNDLE_LOADER = "$(TEST_HOST)";
				CODE_SIGN_STYLE = Automatic;
				CURRENT_PROJECT_VERSION = 1;
				DEVELOPMENT_TEAM = VKJF2C93C9;
				GENERATE_INFOPLIST_FILE = YES;
				IPHONEOS_DEPLOYMENT_TARGET = 16.2;
				MARKETING_VERSION = 1.0;
				PRODUCT_BUNDLE_IDENTIFIER = "me.oprea.robert.Challenge-day19Tests";
				PRODUCT_NAME = "$(TARGET_NAME)";
				SWIFT_EMIT_LOC_STRINGS = NO;
				SWIFT_VERSION = 5.0;
				TARGETED_DEVICE_FAMILY = "1,2";
				TEST_HOST = "$(BUILT_PRODUCTS_DIR)/Challenge_day19.app/$(BUNDLE_EXECUTABLE_FOLDER_PATH)/Challenge_day19";
			};
			name = Release;
		};
		0839DF92299AD6B0000B5D2A /* Debug */ = {
			isa = XCBuildConfiguration;
			buildSettings = {
				ALWAYS_EMBED_SWIFT_STANDARD_LIBRARIES = YES;
				CODE_SIGN_STYLE = Automatic;
				CURRENT_PROJECT_VERSION = 1;
				DEVELOPMENT_TEAM = VKJF2C93C9;
				GENERATE_INFOPLIST_FILE = YES;
				MARKETING_VERSION = 1.0;
				PRODUCT_BUNDLE_IDENTIFIER = "me.oprea.robert.Challenge-day19UITests";
				PRODUCT_NAME = "$(TARGET_NAME)";
				SWIFT_EMIT_LOC_STRINGS = NO;
				SWIFT_VERSION = 5.0;
				TARGETED_DEVICE_FAMILY = "1,2";
				TEST_TARGET_NAME = Challenge_day19;
			};
			name = Debug;
		};
		0839DF93299AD6B0000B5D2A /* Release */ = {
			isa = XCBuildConfiguration;
			buildSettings = {
				ALWAYS_EMBED_SWIFT_STANDARD_LIBRARIES = YES;
				CODE_SIGN_STYLE = Automatic;
				CURRENT_PROJECT_VERSION = 1;
				DEVELOPMENT_TEAM = VKJF2C93C9;
				GENERATE_INFOPLIST_FILE = YES;
				MARKETING_VERSION = 1.0;
				PRODUCT_BUNDLE_IDENTIFIER = "me.oprea.robert.Challenge-day19UITests";
				PRODUCT_NAME = "$(TARGET_NAME)";
				SWIFT_EMIT_LOC_STRINGS = NO;
				SWIFT_VERSION = 5.0;
				TARGETED_DEVICE_FAMILY = "1,2";
				TEST_TARGET_NAME = Challenge_day19;
			};
			name = Release;
		};
/* End XCBuildConfiguration section */

/* Begin XCConfigurationList section */
		0839DF62299AD6AD000B5D2A /* Build configuration list for PBXProject "Challenge_day19" */ = {
			isa = XCConfigurationList;
			buildConfigurations = (
				0839DF89299AD6B0000B5D2A /* Debug */,
				0839DF8A299AD6B0000B5D2A /* Release */,
			);
			defaultConfigurationIsVisible = 0;
			defaultConfigurationName = Release;
		};
		0839DF8B299AD6B0000B5D2A /* Build configuration list for PBXNativeTarget "Challenge_day19" */ = {
			isa = XCConfigurationList;
			buildConfigurations = (
				0839DF8C299AD6B0000B5D2A /* Debug */,
				0839DF8D299AD6B0000B5D2A /* Release */,
			);
			defaultConfigurationIsVisible = 0;
			defaultConfigurationName = Release;
		};
		0839DF8E299AD6B0000B5D2A /* Build configuration list for PBXNativeTarget "Challenge_day19Tests" */ = {
			isa = XCConfigurationList;
			buildConfigurations = (
				0839DF8F299AD6B0000B5D2A /* Debug */,
				0839DF90299AD6B0000B5D2A /* Release */,
			);
			defaultConfigurationIsVisible = 0;
			defaultConfigurationName = Release;
		};
		0839DF91299AD6B0000B5D2A /* Build configuration list for PBXNativeTarget "Challenge_day19UITests" */ = {
			isa = XCConfigurationList;
			buildConfigurations = (
				0839DF92299AD6B0000B5D2A /* Debug */,
				0839DF93299AD6B0000B5D2A /* Release */,
			);
			defaultConfigurationIsVisible = 0;
			defaultConfigurationName = Release;
		};
/* End XCConfigurationList section */
	};
	rootObject = 0839DF5F299AD6AD000B5D2A /* Project object */;
}
